
Microsoft Visual Studio Solution File, Format Version 12.00
# Visual Studio Version 17
VisualStudioVersion = 17.5.33424.131
MinimumVisualStudioVersion = 10.0.40219.1
Project("{FAE04EC0-301F-11D3-BF4B-00C04F79EFBC}") = "nesnefinal3", "nesnefinal3\nesnefinal3.csproj", "{91EE9280-1254-4868-AEE2-F980CAB25757}"
EndProject
Global
	GlobalSection(SolutionConfigurationPlatforms) = preSolution
		Debug|Any CPU = Debug|Any CPU
		Release|Any CPU = Release|Any CPU
	EndGlobalSection
	GlobalSection(ProjectConfigurationPlatforms) = postSolution
		{91EE9280-1254-4868-AEE2-F980CAB25757}.Debug|Any CPU.ActiveCfg = Debug|Any CPU
		{91EE9280-1254-4868-AEE2-F980CAB25757}.Debug|Any CPU.Build.0 = Debug|Any CPU
		{91EE9280-1254-4868-AEE2-F980CAB25757}.Release|Any CPU.ActiveCfg = Release|Any CPU
		{91EE9280-1254-4868-AEE2-F980CAB25757}.Release|Any CPU.Build.0 = Release|Any CPU
	EndGlobalSection
	GlobalSection(SolutionProperties) = preSolution
		HideSolutionNode = FALSE
	EndGlobalSection
	GlobalSection(ExtensibilityGlobals) = postSolution
		SolutionGuid = {866A5EA4-A1C1-433C-88C4-E5C0241270E6}
	EndGlobalSection
EndGlobal
